
Microsoft Visual Studio Solution File, Format Version 12.00
# Visual Studio Version 17
VisualStudioVersion = 17.5.002.0
MinimumVisualStudioVersion = 10.0.40219.1
Project("{9A19103F-16F7-4668-BE54-9A1E7A4F7556}") = "MinimalAPIs", "MinimalAPIs.csproj", "{E7BD5778-E471-4A2E-86D5-DEE89325CD89}"
EndProject
Global
	GlobalSection(SolutionConfigurationPlatforms) = preSolution
		Debug|Any CPU = Debug|Any CPU
		Release|Any CPU = Release|Any CPU
	EndGlobalSection
	GlobalSection(ProjectConfigurationPlatforms) = postSolution
		{E7BD5778-E471-4A2E-86D5-DEE89325CD89}.Debug|Any CPU.ActiveCfg = Debug|Any CPU
		{E7BD5778-E471-4A2E-86D5-DEE89325CD89}.Debug|Any CPU.Build.0 = Debug|Any CPU
		{E7BD5778-E471-4A2E-86D5-DEE89325CD89}.Release|Any CPU.ActiveCfg = Release|Any CPU
		{E7BD5778-E471-4A2E-86D5-DEE89325CD89}.Release|Any CPU.Build.0 = Release|Any CPU
	EndGlobalSection
	GlobalSection(SolutionProperties) = preSolution
		HideSolutionNode = FALSE
	EndGlobalSection
	GlobalSection(ExtensibilityGlobals) = postSolution
		SolutionGuid = {2FC359BD-DED8-433F-B26F-E2480D79171A}
	EndGlobalSection
EndGlobal
